
Microsoft Visual Studio Solution File, Format Version 12.00
# Visual Studio 15
VisualStudioVersion = 15.0.27004.2002
MinimumVisualStudioVersion = 10.0.40219.1
Project("{FAE04EC0-301F-11D3-BF4B-00C04F79EFBC}") = "CNGCashier", "CNGCashier\CNGCashier.csproj", "{8DE40AB8-D561-4114-848E-C170510C9384}"
EndProject
Global
	GlobalSection(SolutionConfigurationPlatforms) = preSolution
		Debug|Any CPU = Debug|Any CPU
		Release|Any CPU = Release|Any CPU
	EndGlobalSection
	GlobalSection(ProjectConfigurationPlatforms) = postSolution
		{8DE40AB8-D561-4114-848E-C170510C9384}.Debug|Any CPU.ActiveCfg = Debug|Any CPU
		{8DE40AB8-D561-4114-848E-C170510C9384}.Debug|Any CPU.Build.0 = Debug|Any CPU
		{8DE40AB8-D561-4114-848E-C170510C9384}.Release|Any CPU.ActiveCfg = Release|Any CPU
		{8DE40AB8-D561-4114-848E-C170510C9384}.Release|Any CPU.Build.0 = Release|Any CPU
	EndGlobalSection
	GlobalSection(SolutionProperties) = preSolution
		HideSolutionNode = FALSE
	EndGlobalSection
	GlobalSection(ExtensibilityGlobals) = postSolution
		SolutionGuid = {FCF945D0-F21B-45E4-BC4B-2351D775DDF8}
	EndGlobalSection
EndGlobal
